// !$*UTF8*$!
{
	archiveVersion = 1;
	classes = {
	};
	objectVersion = 55;
	objects = {

/* Begin PBXBuildFile section */
		216B48F328A782B60085C572 /* ExtensionSakti.docc in Sources */ = {isa = PBXBuildFile; fileRef = 216B48F228A782B60085C572 /* ExtensionSakti.docc */; };
		216B48F928A782B60085C572 /* ExtensionSakti.framework in Frameworks */ = {isa = PBXBuildFile; fileRef = 216B48EE28A782B60085C572 /* ExtensionSakti.framework */; };
		216B48FE28A782B60085C572 /* ExtensionSaktiTests.swift in Sources */ = {isa = PBXBuildFile; fileRef = 216B48FD28A782B60085C572 /* ExtensionSaktiTests.swift */; };
		216B48FF28A782B60085C572 /* ExtensionSakti.h in Headers */ = {isa = PBXBuildFile; fileRef = 216B48F128A782B60085C572 /* ExtensionSakti.h */; settings = {ATTRIBUTES = (Public, ); }; };
		216B490F28A782D20085C572 /* AppDelegate.swift in Sources */ = {isa = PBXBuildFile; fileRef = 216B490E28A782D20085C572 /* AppDelegate.swift */; };
		216B491128A782D20085C572 /* SceneDelegate.swift in Sources */ = {isa = PBXBuildFile; fileRef = 216B491028A782D20085C572 /* SceneDelegate.swift */; };
		216B491328A782D20085C572 /* ViewController.swift in Sources */ = {isa = PBXBuildFile; fileRef = 216B491228A782D20085C572 /* ViewController.swift */; };
		216B491628A782D20085C572 /* Main.storyboard in Resources */ = {isa = PBXBuildFile; fileRef = 216B491428A782D20085C572 /* Main.storyboard */; };
		216B491928A782D20085C572 /* ExtensionSaktiExample.xcdatamodeld in Sources */ = {isa = PBXBuildFile; fileRef = 216B491728A782D20085C572 /* ExtensionSaktiExample.xcdatamodeld */; };
		216B491B28A782D30085C572 /* Assets.xcassets in Resources */ = {isa = PBXBuildFile; fileRef = 216B491A28A782D30085C572 /* Assets.xcassets */; };
		216B491E28A782D30085C572 /* LaunchScreen.storyboard in Resources */ = {isa = PBXBuildFile; fileRef = 216B491C28A782D30085C572 /* LaunchScreen.storyboard */; };
/* End PBXBuildFile section */

/* Begin PBXContainerItemProxy section */
		216B48FA28A782B60085C572 /* PBXContainerItemProxy */ = {
			isa = PBXContainerItemProxy;
			containerPortal = 216B48E528A782B60085C572 /* Project object */;
			proxyType = 1;
			remoteGlobalIDString = 216B48ED28A782B60085C572;
			remoteInfo = ExtensionSakti;
		};
/* End PBXContainerItemProxy section */

/* Begin PBXFileReference section */
		216B48EE28A782B60085C572 /* ExtensionSakti.framework */ = {isa = PBXFileReference; explicitFileType = wrapper.framework; includeInIndex = 0; path = ExtensionSakti.framework; sourceTree = BUILT_PRODUCTS_DIR; };
		216B48F128A782B60085C572 /* ExtensionSakti.h */ = {isa = PBXFileReference; lastKnownFileType = sourcecode.c.h; path = ExtensionSakti.h; sourceTree = "<group>"; };
		216B48F228A782B60085C572 /* ExtensionSakti.docc */ = {isa = PBXFileReference; lastKnownFileType = folder.documentationcatalog; path = ExtensionSakti.docc; sourceTree = "<group>"; };
		216B48F828A782B60085C572 /* ExtensionSaktiTests.xctest */ = {isa = PBXFileReference; explicitFileType = wrapper.cfbundle; includeInIndex = 0; path = ExtensionSaktiTests.xctest; sourceTree = BUILT_PRODUCTS_DIR; };
		216B48FD28A782B60085C572 /* ExtensionSaktiTests.swift */ = {isa = PBXFileReference; lastKnownFileType = sourcecode.swift; path = ExtensionSaktiTests.swift; sourceTree = "<group>"; };
		216B490C28A782D20085C572 /* ExtensionSaktiExample.app */ = {isa = PBXFileReference; explicitFileType = wrapper.application; includeInIndex = 0; path = ExtensionSaktiExample.app; sourceTree = BUILT_PRODUCTS_DIR; };
		216B490E28A782D20085C572 /* AppDelegate.swift */ = {isa = PBXFileReference; lastKnownFileType = sourcecode.swift; path = AppDelegate.swift; sourceTree = "<group>"; };
		216B491028A782D20085C572 /* SceneDelegate.swift */ = {isa = PBXFileReference; lastKnownFileType = sourcecode.swift; path = SceneDelegate.swift; sourceTree = "<group>"; };
		216B491228A782D20085C572 /* ViewController.swift */ = {isa = PBXFileReference; lastKnownFileType = sourcecode.swift; path = ViewController.swift; sourceTree = "<group>"; };
		216B491528A782D20085C572 /* Base */ = {isa = PBXFileReference; lastKnownFileType = file.storyboard; name = Base; path = Base.lproj/Main.storyboard; sourceTree = "<group>"; };
		216B491828A782D20085C572 /* ExtensionSaktiExample.xcdatamodel */ = {isa = PBXFileReference; lastKnownFileType = wrapper.xcdatamodel; path = ExtensionSaktiExample.xcdatamodel; sourceTree = "<group>"; };
		216B491A28A782D30085C572 /* Assets.xcassets */ = {isa = PBXFileReference; lastKnownFileType = folder.assetcatalog; path = Assets.xcassets; sourceTree = "<group>"; };
		216B491D28A782D30085C572 /* Base */ = {isa = PBXFileReference; lastKnownFileType = file.storyboard; name = Base; path = Base.lproj/LaunchScreen.storyboard; sourceTree = "<group>"; };
		216B491F28A782D30085C572 /* Info.plist */ = {isa = PBXFileReference; lastKnownFileType = text.plist.xml; path = Info.plist; sourceTree = "<group>"; };
/* End PBXFileReference section */

/* Begin PBXFrameworksBuildPhase section */
		216B48EB28A782B60085C572 /* Frameworks */ = {
			isa = PBXFrameworksBuildPhase;
			buildActionMask = 2147483647;
			files = (
			);
			runOnlyForDeploymentPostprocessing = 0;
		};
		216B48F528A782B60085C572 /* Frameworks */ = {
			isa = PBXFrameworksBuildPhase;
			buildActionMask = 2147483647;
			files = (
				216B48F928A782B60085C572 /* ExtensionSakti.framework in Frameworks */,
			);
			runOnlyForDeploymentPostprocessing = 0;
		};
		216B490928A782D20085C572 /* Frameworks */ = {
			isa = PBXFrameworksBuildPhase;
			buildActionMask = 2147483647;
			files = (
			);
			runOnlyForDeploymentPostprocessing = 0;
		};
/* End PBXFrameworksBuildPhase section */

/* Begin PBXGroup section */
		216B48E428A782B60085C572 = {
			isa = PBXGroup;
			children = (
				216B48F028A782B60085C572 /* ExtensionSakti */,
				216B48FC28A782B60085C572 /* ExtensionSaktiTests */,
				216B490D28A782D20085C572 /* ExtensionSaktiExample */,
				216B48EF28A782B60085C572 /* Products */,
			);
			sourceTree = "<group>";
		};
		216B48EF28A782B60085C572 /* Products */ = {
			isa = PBXGroup;
			children = (
				216B48EE28A782B60085C572 /* ExtensionSakti.framework */,
				216B48F828A782B60085C572 /* ExtensionSaktiTests.xctest */,
				216B490C28A782D20085C572 /* ExtensionSaktiExample.app */,
			);
			name = Products;
			sourceTree = "<group>";
		};
		216B48F028A782B60085C572 /* ExtensionSakti */ = {
			isa = PBXGroup;
			children = (
				216B48F128A782B60085C572 /* ExtensionSakti.h */,
				216B48F228A782B60085C572 /* ExtensionSakti.docc */,
			);
			path = ExtensionSakti;
			sourceTree = "<group>";
		};
		216B48FC28A782B60085C572 /* ExtensionSaktiTests */ = {
			isa = PBXGroup;
			children = (
				216B48FD28A782B60085C572 /* ExtensionSaktiTests.swift */,
			);
			path = ExtensionSaktiTests;
			sourceTree = "<group>";
		};
		216B490D28A782D20085C572 /* ExtensionSaktiExample */ = {
			isa = PBXGroup;
			children = (
				216B490E28A782D20085C572 /* AppDelegate.swift */,
				216B491028A782D20085C572 /* SceneDelegate.swift */,
				216B491228A782D20085C572 /* ViewController.swift */,
				216B491428A782D20085C572 /* Main.storyboard */,
				216B491A28A782D30085C572 /* Assets.xcassets */,
				216B491C28A782D30085C572 /* LaunchScreen.storyboard */,
				216B491F28A782D30085C572 /* Info.plist */,
				216B491728A782D20085C572 /* ExtensionSaktiExample.xcdatamodeld */,
			);
			path = ExtensionSaktiExample;
			sourceTree = "<group>";
		};
/* End PBXGroup section */

/* Begin PBXHeadersBuildPhase section */
		216B48E928A782B60085C572 /* Headers */ = {
			isa = PBXHeadersBuildPhase;
			buildActionMask = 2147483647;
			files = (
				216B48FF28A782B60085C572 /* ExtensionSakti.h in Headers */,
			);
			runOnlyForDeploymentPostprocessing = 0;
		};
/* End PBXHeadersBuildPhase section */

/* Begin PBXNativeTarget section */
		216B48ED28A782B60085C572 /* ExtensionSakti */ = {
			isa = PBXNativeTarget;
			buildConfigurationList = 216B490228A782B60085C572 /* Build configuration list for PBXNativeTarget "ExtensionSakti" */;
			buildPhases = (
				216B48E928A782B60085C572 /* Headers */,
				216B48EA28A782B60085C572 /* Sources */,
				216B48EB28A782B60085C572 /* Frameworks */,
				216B48EC28A782B60085C572 /* Resources */,
			);
			buildRules = (
			);
			dependencies = (
			);
			name = ExtensionSakti;
			productName = ExtensionSakti;
			productReference = 216B48EE28A782B60085C572 /* ExtensionSakti.framework */;
			productType = "com.apple.product-type.framework";
		};
		216B48F728A782B60085C572 /* ExtensionSaktiTests */ = {
			isa = PBXNativeTarget;
			buildConfigurationList = 216B490528A782B60085C572 /* Build configuration list for PBXNativeTarget "ExtensionSaktiTests" */;
			buildPhases = (
				216B48F428A782B60085C572 /* Sources */,
				216B48F528A782B60085C572 /* Frameworks */,
				216B48F628A782B60085C572 /* Resources */,
			);
			buildRules = (
			);
			dependencies = (
				216B48FB28A782B60085C572 /* PBXTargetDependency */,
			);
			name = ExtensionSaktiTests;
			productName = ExtensionSaktiTests;
			productReference = 216B48F828A782B60085C572 /* ExtensionSaktiTests.xctest */;
			productType = "com.apple.product-type.bundle.unit-test";
		};
		216B490B28A782D20085C572 /* ExtensionSaktiExample */ = {
			isa = PBXNativeTarget;
			buildConfigurationList = 216B492028A782D30085C572 /* Build configuration list for PBXNativeTarget "ExtensionSaktiExample" */;
			buildPhases = (
				216B490828A782D20085C572 /* Sources */,
				216B490928A782D20085C572 /* Frameworks */,
				216B490A28A782D20085C572 /* Resources */,
			);
			buildRules = (
			);
			dependencies = (
			);
			name = ExtensionSaktiExample;
			productName = ExtensionSaktiExample;
			productReference = 216B490C28A782D20085C572 /* ExtensionSaktiExample.app */;
			productType = "com.apple.product-type.application";
		};
/* End PBXNativeTarget section */

/* Begin PBXProject section */
		216B48E528A782B60085C572 /* Project object */ = {
			isa = PBXProject;
			attributes = {
				BuildIndependentTargetsInParallel = 1;
				LastSwiftUpdateCheck = 1340;
				LastUpgradeCheck = 1340;
				TargetAttributes = {
					216B48ED28A782B60085C572 = {
						CreatedOnToolsVersion = 13.4.1;
					};
					216B48F728A782B60085C572 = {
						CreatedOnToolsVersion = 13.4.1;
					};
					216B490B28A782D20085C572 = {
						CreatedOnToolsVersion = 13.4.1;
					};
				};
			};
			buildConfigurationList = 216B48E828A782B60085C572 /* Build configuration list for PBXProject "ExtensionSakti" */;
			compatibilityVersion = "Xcode 13.0";
			developmentRegion = en;
			hasScannedForEncodings = 0;
			knownRegions = (
				en,
				Base,
			);
			mainGroup = 216B48E428A782B60085C572;
			productRefGroup = 216B48EF28A782B60085C572 /* Products */;
			projectDirPath = "";
			projectRoot = "";
			targets = (
				216B48ED28A782B60085C572 /* ExtensionSakti */,
				216B48F728A782B60085C572 /* ExtensionSaktiTests */,
				216B490B28A782D20085C572 /* ExtensionSaktiExample */,
			);
		};
/* End PBXProject section */

/* Begin PBXResourcesBuildPhase section */
		216B48EC28A782B60085C572 /* Resources */ = {
			isa = PBXResourcesBuildPhase;
			buildActionMask = 2147483647;
			files = (
			);
			runOnlyForDeploymentPostprocessing = 0;
		};
		216B48F628A782B60085C572 /* Resources */ = {
			isa = PBXResourcesBuildPhase;
			buildActionMask = 2147483647;
			files = (
			);
			runOnlyForDeploymentPostprocessing = 0;
		};
		216B490A28A782D20085C572 /* Resources */ = {
			isa = PBXResourcesBuildPhase;
			buildActionMask = 2147483647;
			files = (
				216B491E28A782D30085C572 /* LaunchScreen.storyboard in Resources */,
				216B491B28A782D30085C572 /* Assets.xcassets in Resources */,
				216B491628A782D20085C572 /* Main.storyboard in Resources */,
			);
			runOnlyForDeploymentPostprocessing = 0;
		};
/* End PBXResourcesBuildPhase section */

/* Begin PBXSourcesBuildPhase section */
		216B48EA28A782B60085C572 /* Sources */ = {
			isa = PBXSourcesBuildPhase;
			buildActionMask = 2147483647;
			files = (
				216B48F328A782B60085C572 /* ExtensionSakti.docc in Sources */,
			);
			runOnlyForDeploymentPostprocessing = 0;
		};
		216B48F428A782B60085C572 /* Sources */ = {
			isa = PBXSourcesBuildPhase;
			buildActionMask = 2147483647;
			files = (
				216B48FE28A782B60085C572 /* ExtensionSaktiTests.swift in Sources */,
			);
			runOnlyForDeploymentPostprocessing = 0;
		};
		216B490828A782D20085C572 /* Sources */ = {
			isa = PBXSourcesBuildPhase;
			buildActionMask = 2147483647;
			files = (
				216B491328A782D20085C572 /* ViewController.swift in Sources */,
				216B490F28A782D20085C572 /* AppDelegate.swift in Sources */,
				216B491128A782D20085C572 /* SceneDelegate.swift in Sources */,
				216B491928A782D20085C572 /* ExtensionSaktiExample.xcdatamodeld in Sources */,
			);
			runOnlyForDeploymentPostprocessing = 0;
		};
/* End PBXSourcesBuildPhase section */

/* Begin PBXTargetDependency section */
		216B48FB28A782B60085C572 /* PBXTargetDependency */ = {
			isa = PBXTargetDependency;
			target = 216B48ED28A782B60085C572 /* ExtensionSakti */;
			targetProxy = 216B48FA28A782B60085C572 /* PBXContainerItemProxy */;
		};
/* End PBXTargetDependency section */

/* Begin PBXVariantGroup section */
		216B491428A782D20085C572 /* Main.storyboard */ = {
			isa = PBXVariantGroup;
			children = (
				216B491528A782D20085C572 /* Base */,
			);
			name = Main.storyboard;
			sourceTree = "<group>";
		};
		216B491C28A782D30085C572 /* LaunchScreen.storyboard */ = {
			isa = PBXVariantGroup;
			children = (
				216B491D28A782D30085C572 /* Base */,
			);
			name = LaunchScreen.storyboard;
			sourceTree = "<group>";
		};
/* End PBXVariantGroup section */

/* Begin XCBuildConfiguration section */
		216B490028A782B60085C572 /* Debug */ = {
			isa = XCBuildConfiguration;
			buildSettings = {
				ALWAYS_SEARCH_USER_PATHS = NO;
				CLANG_ANALYZER_NONNULL = YES;
				CLANG_ANALYZER_NUMBER_OBJECT_CONVERSION = YES_AGGRESSIVE;
				CLANG_CXX_LANGUAGE_STANDARD = "gnu++17";
				CLANG_ENABLE_MODULES = YES;
				CLANG_ENABLE_OBJC_ARC = YES;
				CLANG_ENABLE_OBJC_WEAK = YES;
				CLANG_WARN_BLOCK_CAPTURE_AUTORELEASING = YES;
				CLANG_WARN_BOOL_CONVERSION = YES;
				CLANG_WARN_COMMA = YES;
				CLANG_WARN_CONSTANT_CONVERSION = YES;
				CLANG_WARN_DEPRECATED_OBJC_IMPLEMENTATIONS = YES;
				CLANG_WARN_DIRECT_OBJC_ISA_USAGE = YES_ERROR;
				CLANG_WARN_DOCUMENTATION_COMMENTS = YES;
				CLANG_WARN_EMPTY_BODY = YES;
				CLANG_WARN_ENUM_CONVERSION = YES;
				CLANG_WARN_INFINITE_RECURSION = YES;
				CLANG_WARN_INT_CONVERSION = YES;
				CLANG_WARN_NON_LITERAL_NULL_CONVERSION = YES;
				CLANG_WARN_OBJC_IMPLICIT_RETAIN_SELF = YES;
				CLANG_WARN_OBJC_LITERAL_CONVERSION = YES;
				CLANG_WARN_OBJC_ROOT_CLASS = YES_ERROR;
				CLANG_WARN_QUOTED_INCLUDE_IN_FRAMEWORK_HEADER = YES;
				CLANG_WARN_RANGE_LOOP_ANALYSIS = YES;
				CLANG_WARN_STRICT_PROTOTYPES = YES;
				CLANG_WARN_SUSPICIOUS_MOVE = YES;
				CLANG_WARN_UNGUARDED_AVAILABILITY = YES_AGGRESSIVE;
				CLANG_WARN_UNREACHABLE_CODE = YES;
				CLANG_WARN__DUPLICATE_METHOD_MATCH = YES;
				COPY_PHASE_STRIP = NO;
				CURRENT_PROJECT_VERSION = 1;
				DEBUG_INFORMATION_FORMAT = dwarf;
				ENABLE_STRICT_OBJC_MSGSEND = YES;
				ENABLE_TESTABILITY = YES;
				GCC_C_LANGUAGE_STANDARD = gnu11;
				GCC_DYNAMIC_NO_PIC = NO;
				GCC_NO_COMMON_BLOCKS = YES;
				GCC_OPTIMIZATION_LEVEL = 0;
				GCC_PREPROCESSOR_DEFINITIONS = (
					"DEBUG=1",
					"$(inherited)",
				);
				GCC_WARN_64_TO_32_BIT_CONVERSION = YES;
				GCC_WARN_ABOUT_RETURN_TYPE = YES_ERROR;
				GCC_WARN_UNDECLARED_SELECTOR = YES;
				GCC_WARN_UNINITIALIZED_AUTOS = YES_AGGRESSIVE;
				GCC_WARN_UNUSED_FUNCTION = YES;
				GCC_WARN_UNUSED_VARIABLE = YES;
				IPHONEOS_DEPLOYMENT_TARGET = 15.5;
				MTL_ENABLE_DEBUG_INFO = INCLUDE_SOURCE;
				MTL_FAST_MATH = YES;
				ONLY_ACTIVE_ARCH = YES;
				SDKROOT = iphoneos;
				SWIFT_ACTIVE_COMPILATION_CONDITIONS = DEBUG;
				SWIFT_OPTIMIZATION_LEVEL = "-Onone";
				VERSIONING_SYSTEM = "apple-generic";
				VERSION_INFO_PREFIX = "";
			};
			name = Debug;
		};
		216B490128A782B60085C572 /* Release */ = {
			isa = XCBuildConfiguration;
			buildSettings = {
				ALWAYS_SEARCH_USER_PATHS = NO;
				CLANG_ANALYZER_NONNULL = YES;
				CLANG_ANALYZER_NUMBER_OBJECT_CONVERSION = YES_AGGRESSIVE;
				CLANG_CXX_LANGUAGE_STANDARD = "gnu++17";
				CLANG_ENABLE_MODULES = YES;
				CLANG_ENABLE_OBJC_ARC = YES;
				CLANG_ENABLE_OBJC_WEAK = YES;
				CLANG_WARN_BLOCK_CAPTURE_AUTORELEASING = YES;
				CLANG_WARN_BOOL_CONVERSION = YES;
				CLANG_WARN_COMMA = YES;
				CLANG_WARN_CONSTANT_CONVERSION = YES;
				CLANG_WARN_DEPRECATED_OBJC_IMPLEMENTATIONS = YES;
				CLANG_WARN_DIRECT_OBJC_ISA_USAGE = YES_ERROR;
				CLANG_WARN_DOCUMENTATION_COMMENTS = YES;
				CLANG_WARN_EMPTY_BODY = YES;
				CLANG_WARN_ENUM_CONVERSION = YES;
				CLANG_WARN_INFINITE_RECURSION = YES;
				CLANG_WARN_INT_CONVERSION = YES;
				CLANG_WARN_NON_LITERAL_NULL_CONVERSION = YES;
				CLANG_WARN_OBJC_IMPLICIT_RETAIN_SELF = YES;
				CLANG_WARN_OBJC_LITERAL_CONVERSION = YES;
				CLANG_WARN_OBJC_ROOT_CLASS = YES_ERROR;
				CLANG_WARN_QUOTED_INCLUDE_IN_FRAMEWORK_HEADER = YES;
				CLANG_WARN_RANGE_LOOP_ANALYSIS = YES;
				CLANG_WARN_STRICT_PROTOTYPES = YES;
				CLANG_WARN_SUSPICIOUS_MOVE = YES;
				CLANG_WARN_UNGUARDED_AVAILABILITY = YES_AGGRESSIVE;
				CLANG_WARN_UNREACHABLE_CODE = YES;
				CLANG_WARN__DUPLICATE_METHOD_MATCH = YES;
				COPY_PHASE_STRIP = NO;
				CURRENT_PROJECT_VERSION = 1;
				DEBUG_INFORMATION_FORMAT = "dwarf-with-dsym";
				ENABLE_NS_ASSERTIONS = NO;
				ENABLE_STRICT_OBJC_MSGSEND = YES;
				GCC_C_LANGUAGE_STANDARD = gnu11;
				GCC_NO_COMMON_BLOCKS = YES;
				GCC_WARN_64_TO_32_BIT_CONVERSION = YES;
				GCC_WARN_ABOUT_RETURN_TYPE = YES_ERROR;
				GCC_WARN_UNDECLARED_SELECTOR = YES;
				GCC_WARN_UNINITIALIZED_AUTOS = YES_AGGRESSIVE;
				GCC_WARN_UNUSED_FUNCTION = YES;
				GCC_WARN_UNUSED_VARIABLE = YES;
				IPHONEOS_DEPLOYMENT_TARGET = 15.5;
				MTL_ENABLE_DEBUG_INFO = NO;
				MTL_FAST_MATH = YES;
				SDKROOT = iphoneos;
				SWIFT_COMPILATION_MODE = wholemodule;
				SWIFT_OPTIMIZATION_LEVEL = "-O";
				VALIDATE_PRODUCT = YES;
				VERSIONING_SYSTEM = "apple-generic";
				VERSION_INFO_PREFIX = "";
			};
			name = Release;
		};
		216B490328A782B60085C572 /* Debug */ = {
			isa = XCBuildConfiguration;
			buildSettings = {
				CODE_SIGN_STYLE = Automatic;
				CURRENT_PROJECT_VERSION = 1;
				DEFINES_MODULE = YES;
				DEVELOPMENT_TEAM = HRN2AKGKSD;
				DYLIB_COMPATIBILITY_VERSION = 1;
				DYLIB_CURRENT_VERSION = 1;
				DYLIB_INSTALL_NAME_BASE = "@rpath";
				GENERATE_INFOPLIST_FILE = YES;
				INFOPLIST_KEY_NSHumanReadableCopyright = "";
				INSTALL_PATH = "$(LOCAL_LIBRARY_DIR)/Frameworks";
				LD_RUNPATH_SEARCH_PATHS = (
					"$(inherited)",
					"@executable_path/Frameworks",
					"@loader_path/Frameworks",
				);
				MARKETING_VERSION = 1.0;
				PRODUCT_BUNDLE_IDENTIFIER = com.sakti.ExtensionSakti;
				PRODUCT_NAME = "$(TARGET_NAME:c99extidentifier)";
				SKIP_INSTALL = YES;
				SWIFT_EMIT_LOC_STRINGS = YES;
				SWIFT_VERSION = 5.0;
				TARGETED_DEVICE_FAMILY = "1,2";
			};
			name = Debug;
		};
		216B490428A782B60085C572 /* Release */ = {
			isa = XCBuildConfiguration;
			buildSettings = {
				CODE_SIGN_STYLE = Automatic;
				CURRENT_PROJECT_VERSION = 1;
				DEFINES_MODULE = YES;
				DEVELOPMENT_TEAM = HRN2AKGKSD;
				DYLIB_COMPATIBILITY_VERSION = 1;
				DYLIB_CURRENT_VERSION = 1;
				DYLIB_INSTALL_NAME_BASE = "@rpath";
				GENERATE_INFOPLIST_FILE = YES;
				INFOPLIST_KEY_NSHumanReadableCopyright = "";
				INSTALL_PATH = "$(LOCAL_LIBRARY_DIR)/Frameworks";
				LD_RUNPATH_SEARCH_PATHS = (
					"$(inherited)",
					"@executable_path/Frameworks",
					"@loader_path/Frameworks",
				);
				MARKETING_VERSION = 1.0;
				PRODUCT_BUNDLE_IDENTIFIER = com.sakti.ExtensionSakti;
				PRODUCT_NAME = "$(TARGET_NAME:c99extidentifier)";
				SKIP_INSTALL = YES;
				SWIFT_EMIT_LOC_STRINGS = YES;
				SWIFT_VERSION = 5.0;
				TARGETED_DEVICE_FAMILY = "1,2";
			};
			name = Release;
		};
		216B490628A782B60085C572 /* Debug */ = {
			isa = XCBuildConfiguration;
			buildSettings = {
				CODE_SIGN_STYLE = Automatic;
				CURRENT_PROJECT_VERSION = 1;
				DEVELOPMENT_TEAM = HRN2AKGKSD;
				GENERATE_INFOPLIST_FILE = YES;
				MARKETING_VERSION = 1.0;
				PRODUCT_BUNDLE_IDENTIFIER = com.sakti.ExtensionSaktiTests;
				PRODUCT_NAME = "$(TARGET_NAME)";
				SWIFT_EMIT_LOC_STRINGS = NO;
				SWIFT_VERSION = 5.0;
				TARGETED_DEVICE_FAMILY = "1,2";
			};
			name = Debug;
		};
		216B490728A782B60085C572 /* Release */ = {
			isa = XCBuildConfiguration;
			buildSettings = {
				CODE_SIGN_STYLE = Automatic;
				CURRENT_PROJECT_VERSION = 1;
				DEVELOPMENT_TEAM = HRN2AKGKSD;
				GENERATE_INFOPLIST_FILE = YES;
				MARKETING_VERSION = 1.0;
				PRODUCT_BUNDLE_IDENTIFIER = com.sakti.ExtensionSaktiTests;
				PRODUCT_NAME = "$(TARGET_NAME)";
				SWIFT_EMIT_LOC_STRINGS = NO;
				SWIFT_VERSION = 5.0;
				TARGETED_DEVICE_FAMILY = "1,2";
			};
			name = Release;
		};
		216B492128A782D30085C572 /* Debug */ = {
			isa = XCBuildConfiguration;
			buildSettings = {
				ASSETCATALOG_COMPILER_APPICON_NAME = AppIcon;
				ASSETCATALOG_COMPILER_GLOBAL_ACCENT_COLOR_NAME = AccentColor;
				CODE_SIGN_STYLE = Automatic;
				CURRENT_PROJECT_VERSION = 1;
				DEVELOPMENT_TEAM = HRN2AKGKSD;
				GENERATE_INFOPLIST_FILE = YES;
				INFOPLIST_FILE = ExtensionSaktiExample/Info.plist;
				INFOPLIST_KEY_UIApplicationSupportsIndirectInputEvents = YES;
				INFOPLIST_KEY_UILaunchStoryboardName = LaunchScreen;
				INFOPLIST_KEY_UIMainStoryboardFile = Main;
				INFOPLIST_KEY_UISupportedInterfaceOrientations_iPad = "UIInterfaceOrientationPortrait UIInterfaceOrientationPortraitUpsideDown UIInterfaceOrientationLandscapeLeft UIInterfaceOrientationLandscapeRight";
				INFOPLIST_KEY_UISupportedInterfaceOrientations_iPhone = "UIInterfaceOrientationPortrait UIInterfaceOrientationLandscapeLeft UIInterfaceOrientationLandscapeRight";
				LD_RUNPATH_SEARCH_PATHS = (
					"$(inherited)",
					"@executable_path/Frameworks",
				);
				MARKETING_VERSION = 1.0;
				PRODUCT_BUNDLE_IDENTIFIER = com.sakti.ExtensionSaktiExample;
				PRODUCT_NAME = "$(TARGET_NAME)";
				SWIFT_EMIT_LOC_STRINGS = YES;
				SWIFT_VERSION = 5.0;
				TARGETED_DEVICE_FAMILY = "1,2";
			};
			name = Debug;
		};
		216B492228A782D30085C572 /* Release */ = {
			isa = XCBuildConfiguration;
			buildSettings = {
				ASSETCATALOG_COMPILER_APPICON_NAME = AppIcon;
				ASSETCATALOG_COMPILER_GLOBAL_ACCENT_COLOR_NAME = AccentColor;
				CODE_SIGN_STYLE = Automatic;
				CURRENT_PROJECT_VERSION = 1;
				DEVELOPMENT_TEAM = HRN2AKGKSD;
				GENERATE_INFOPLIST_FILE = YES;
				INFOPLIST_FILE = ExtensionSaktiExample/Info.plist;
				INFOPLIST_KEY_UIApplicationSupportsIndirectInputEvents = YES;
				INFOPLIST_KEY_UILaunchStoryboardName = LaunchScreen;
				INFOPLIST_KEY_UIMainStoryboardFile = Main;
				INFOPLIST_KEY_UISupportedInterfaceOrientations_iPad = "UIInterfaceOrientationPortrait UIInterfaceOrientationPortraitUpsideDown UIInterfaceOrientationLandscapeLeft UIInterfaceOrientationLandscapeRight";
				INFOPLIST_KEY_UISupportedInterfaceOrientations_iPhone = "UIInterfaceOrientationPortrait UIInterfaceOrientationLandscapeLeft UIInterfaceOrientationLandscapeRight";
				LD_RUNPATH_SEARCH_PATHS = (
					"$(inherited)",
					"@executable_path/Frameworks",
				);
				MARKETING_VERSION = 1.0;
				PRODUCT_BUNDLE_IDENTIFIER = com.sakti.ExtensionSaktiExample;
				PRODUCT_NAME = "$(TARGET_NAME)";
				SWIFT_EMIT_LOC_STRINGS = YES;
				SWIFT_VERSION = 5.0;
				TARGETED_DEVICE_FAMILY = "1,2";
			};
			name = Release;
		};
/* End XCBuildConfiguration section */

/* Begin XCConfigurationList section */
		216B48E828A782B60085C572 /* Build configuration list for PBXProject "ExtensionSakti" */ = {
			isa = XCConfigurationList;
			buildConfigurations = (
				216B490028A782B60085C572 /* Debug */,
				216B490128A782B60085C572 /* Release */,
			);
			defaultConfigurationIsVisible = 0;
			defaultConfigurationName = Release;
		};
		216B490228A782B60085C572 /* Build configuration list for PBXNativeTarget "ExtensionSakti" */ = {
			isa = XCConfigurationList;
			buildConfigurations = (
				216B490328A782B60085C572 /* Debug */,
				216B490428A782B60085C572 /* Release */,
			);
			defaultConfigurationIsVisible = 0;
			defaultConfigurationName = Release;
		};
		216B490528A782B60085C572 /* Build configuration list for PBXNativeTarget "ExtensionSaktiTests" */ = {
			isa = XCConfigurationList;
			buildConfigurations = (
				216B490628A782B60085C572 /* Debug */,
				216B490728A782B60085C572 /* Release */,
			);
			defaultConfigurationIsVisible = 0;
			defaultConfigurationName = Release;
		};
		216B492028A782D30085C572 /* Build configuration list for PBXNativeTarget "ExtensionSaktiExample" */ = {
			isa = XCConfigurationList;
			buildConfigurations = (
				216B492128A782D30085C572 /* Debug */,
				216B492228A782D30085C572 /* Release */,
			);
			defaultConfigurationIsVisible = 0;
			defaultConfigurationName = Release;
		};
/* End XCConfigurationList section */

/* Begin XCVersionGroup section */
		216B491728A782D20085C572 /* ExtensionSaktiExample.xcdatamodeld */ = {
			isa = XCVersionGroup;
			children = (
				216B491828A782D20085C572 /* ExtensionSaktiExample.xcdatamodel */,
			);
			currentVersion = 216B491828A782D20085C572 /* ExtensionSaktiExample.xcdatamodel */;
			path = ExtensionSaktiExample.xcdatamodeld;
			sourceTree = "<group>";
			versionGroupType = wrapper.xcdatamodel;
		};
/* End XCVersionGroup section */
	};
	rootObject = 216B48E528A782B60085C572 /* Project object */;
}
